
Microsoft Visual Studio Solution File, Format Version 12.00
# Visual Studio 14
VisualStudioVersion = 14.0.25420.1
MinimumVisualStudioVersion = 10.0.40219.1
Project("{2150E333-8FDC-42A3-9474-1A3956D46DE8}") = "定时任务", "定时任务", "{2964544A-AEED-43AF-B1F0-85957AC1BD71}"
EndProject
Project("{FAE04EC0-301F-11D3-BF4B-00C04F79EFBC}") = "Console.FluentScheduler", "Console.FluentScheduler\Console.FluentScheduler.csproj", "{5271643F-0AB5-4F63-874F-97DCB202C614}"
EndProject
Project("{2150E333-8FDC-42A3-9474-1A3956D46DE8}") = "Dapper框架", "Dapper框架", "{9986DDA5-B95A-482F-B84D-8557EB59318E}"
EndProject
Project("{FAE04EC0-301F-11D3-BF4B-00C04F79EFBC}") = "Console.Dapper", "Console.Dapper\Console.Dapper.csproj", "{6068F99E-2849-4025-BB08-9F61CCE0E74B}"
EndProject
Project("{FAE04EC0-301F-11D3-BF4B-00C04F79EFBC}") = "Framework.Dapper", "Framework.Dapper\Framework.Dapper.csproj", "{1F682B84-D58A-4A70-ACF6-DD33835B21B7}"
EndProject
Project("{2150E333-8FDC-42A3-9474-1A3956D46DE8}") = "Redis缓存", "Redis缓存", "{5AE3E0EE-255E-4076-8F34-38B0D475F460}"
EndProject
Project("{FAE04EC0-301F-11D3-BF4B-00C04F79EFBC}") = "Cache.Redis", "Cache.Redis\Cache.Redis.csproj", "{A674FB4B-593F-4569-9A7D-C06DFBABE56D}"
EndProject
Project("{2150E333-8FDC-42A3-9474-1A3956D46DE8}") = "测试单元", "测试单元", "{B7CC5783-FE7C-4F7C-B888-35B5EB33AB22}"
EndProject
Project("{FAE04EC0-301F-11D3-BF4B-00C04F79EFBC}") = "Console.Show", "Console.Show\Console.Show.csproj", "{405E2641-88C4-4F03-92A6-8DA1950D2107}"
EndProject
Project("{FAE04EC0-301F-11D3-BF4B-00C04F79EFBC}") = "UnitTest.Show", "UnitTest.Show\UnitTest.Show.csproj", "{34907141-1058-4AA2-B61D-12747074F793}"
EndProject
Project("{2150E333-8FDC-42A3-9474-1A3956D46DE8}") = "方法扩展", "方法扩展", "{86FD0B5F-CCBC-4E60-A8D8-D112462922F2}"
EndProject
Project("{FAE04EC0-301F-11D3-BF4B-00C04F79EFBC}") = "Extend.Demo", "Extend.Demo\Extend.Demo.csproj", "{D393037A-C4EC-413C-9C2A-1905E9C94501}"
EndProject
Global
	GlobalSection(SolutionConfigurationPlatforms) = preSolution
		Debug|Any CPU = Debug|Any CPU
		Release|Any CPU = Release|Any CPU
	EndGlobalSection
	GlobalSection(ProjectConfigurationPlatforms) = postSolution
		{5271643F-0AB5-4F63-874F-97DCB202C614}.Debug|Any CPU.ActiveCfg = Debug|Any CPU
		{5271643F-0AB5-4F63-874F-97DCB202C614}.Debug|Any CPU.Build.0 = Debug|Any CPU
		{5271643F-0AB5-4F63-874F-97DCB202C614}.Release|Any CPU.ActiveCfg = Release|Any CPU
		{5271643F-0AB5-4F63-874F-97DCB202C614}.Release|Any CPU.Build.0 = Release|Any CPU
		{6068F99E-2849-4025-BB08-9F61CCE0E74B}.Debug|Any CPU.ActiveCfg = Debug|Any CPU
		{6068F99E-2849-4025-BB08-9F61CCE0E74B}.Debug|Any CPU.Build.0 = Debug|Any CPU
		{6068F99E-2849-4025-BB08-9F61CCE0E74B}.Release|Any CPU.ActiveCfg = Release|Any CPU
		{6068F99E-2849-4025-BB08-9F61CCE0E74B}.Release|Any CPU.Build.0 = Release|Any CPU
		{1F682B84-D58A-4A70-ACF6-DD33835B21B7}.Debug|Any CPU.ActiveCfg = Debug|Any CPU
		{1F682B84-D58A-4A70-ACF6-DD33835B21B7}.Debug|Any CPU.Build.0 = Debug|Any CPU
		{1F682B84-D58A-4A70-ACF6-DD33835B21B7}.Release|Any CPU.ActiveCfg = Release|Any CPU
		{1F682B84-D58A-4A70-ACF6-DD33835B21B7}.Release|Any CPU.Build.0 = Release|Any CPU
		{A674FB4B-593F-4569-9A7D-C06DFBABE56D}.Debug|Any CPU.ActiveCfg = Debug|Any CPU
		{A674FB4B-593F-4569-9A7D-C06DFBABE56D}.Debug|Any CPU.Build.0 = Debug|Any CPU
		{A674FB4B-593F-4569-9A7D-C06DFBABE56D}.Release|Any CPU.ActiveCfg = Release|Any CPU
		{A674FB4B-593F-4569-9A7D-C06DFBABE56D}.Release|Any CPU.Build.0 = Release|Any CPU
		{405E2641-88C4-4F03-92A6-8DA1950D2107}.Debug|Any CPU.ActiveCfg = Debug|Any CPU
		{405E2641-88C4-4F03-92A6-8DA1950D2107}.Debug|Any CPU.Build.0 = Debug|Any CPU
		{405E2641-88C4-4F03-92A6-8DA1950D2107}.Release|Any CPU.ActiveCfg = Release|Any CPU
		{405E2641-88C4-4F03-92A6-8DA1950D2107}.Release|Any CPU.Build.0 = Release|Any CPU
		{34907141-1058-4AA2-B61D-12747074F793}.Debug|Any CPU.ActiveCfg = Debug|Any CPU
		{34907141-1058-4AA2-B61D-12747074F793}.Debug|Any CPU.Build.0 = Debug|Any CPU
		{34907141-1058-4AA2-B61D-12747074F793}.Release|Any CPU.ActiveCfg = Release|Any CPU
		{34907141-1058-4AA2-B61D-12747074F793}.Release|Any CPU.Build.0 = Release|Any CPU
		{D393037A-C4EC-413C-9C2A-1905E9C94501}.Debug|Any CPU.ActiveCfg = Debug|Any CPU
		{D393037A-C4EC-413C-9C2A-1905E9C94501}.Debug|Any CPU.Build.0 = Debug|Any CPU
		{D393037A-C4EC-413C-9C2A-1905E9C94501}.Release|Any CPU.ActiveCfg = Release|Any CPU
		{D393037A-C4EC-413C-9C2A-1905E9C94501}.Release|Any CPU.Build.0 = Release|Any CPU
	EndGlobalSection
	GlobalSection(SolutionProperties) = preSolution
		HideSolutionNode = FALSE
	EndGlobalSection
	GlobalSection(NestedProjects) = preSolution
		{5271643F-0AB5-4F63-874F-97DCB202C614} = {2964544A-AEED-43AF-B1F0-85957AC1BD71}
		{6068F99E-2849-4025-BB08-9F61CCE0E74B} = {9986DDA5-B95A-482F-B84D-8557EB59318E}
		{1F682B84-D58A-4A70-ACF6-DD33835B21B7} = {9986DDA5-B95A-482F-B84D-8557EB59318E}
		{A674FB4B-593F-4569-9A7D-C06DFBABE56D} = {5AE3E0EE-255E-4076-8F34-38B0D475F460}
		{405E2641-88C4-4F03-92A6-8DA1950D2107} = {B7CC5783-FE7C-4F7C-B888-35B5EB33AB22}
		{34907141-1058-4AA2-B61D-12747074F793} = {B7CC5783-FE7C-4F7C-B888-35B5EB33AB22}
		{D393037A-C4EC-413C-9C2A-1905E9C94501} = {86FD0B5F-CCBC-4E60-A8D8-D112462922F2}
	EndGlobalSection
EndGlobal
