
Microsoft Visual Studio Solution File, Format Version 12.00
# Visual Studio 15
VisualStudioVersion = 15.0.26228.4
MinimumVisualStudioVersion = 10.0.40219.1
Project("{2150E333-8FDC-42A3-9474-1A3956D46DE8}") = "定时任务", "定时任务", "{2964544A-AEED-43AF-B1F0-85957AC1BD71}"
EndProject
Project("{FAE04EC0-301F-11D3-BF4B-00C04F79EFBC}") = "Console.FluentScheduler", "Console.FluentScheduler\Console.FluentScheduler.csproj", "{5271643F-0AB5-4F63-874F-97DCB202C614}"
EndProject
Project("{2150E333-8FDC-42A3-9474-1A3956D46DE8}") = "Dapper框架", "Dapper框架", "{9986DDA5-B95A-482F-B84D-8557EB59318E}"
EndProject
Project("{FAE04EC0-301F-11D3-BF4B-00C04F79EFBC}") = "Console.Dapper", "Console.Dapper\Console.Dapper.csproj", "{6068F99E-2849-4025-BB08-9F61CCE0E74B}"
EndProject
Project("{FAE04EC0-301F-11D3-BF4B-00C04F79EFBC}") = "Framework.Dapper", "Framework.Dapper\Framework.Dapper.csproj", "{1F682B84-D58A-4A70-ACF6-DD33835B21B7}"
EndProject
Project("{2150E333-8FDC-42A3-9474-1A3956D46DE8}") = "Redis缓存", "Redis缓存", "{5AE3E0EE-255E-4076-8F34-38B0D475F460}"
EndProject
Project("{FAE04EC0-301F-11D3-BF4B-00C04F79EFBC}") = "Cache.Redis", "Cache.Redis\Cache.Redis.csproj", "{A674FB4B-593F-4569-9A7D-C06DFBABE56D}"
EndProject
Project("{2150E333-8FDC-42A3-9474-1A3956D46DE8}") = "MVC", "MVC", "{626D7CB7-8135-4DBE-8420-1D2A3EFE6058}"
EndProject
Project("{FAE04EC0-301F-11D3-BF4B-00C04F79EFBC}") = "TestDemo", "TestDemo\TestDemo.csproj", "{C06FF6CF-2078-41C3-8710-3DD1233EFE48}"
EndProject
Global
	GlobalSection(SolutionConfigurationPlatforms) = preSolution
		Debug|Any CPU = Debug|Any CPU
		Release|Any CPU = Release|Any CPU
	EndGlobalSection
	GlobalSection(ProjectConfigurationPlatforms) = postSolution
		{5271643F-0AB5-4F63-874F-97DCB202C614}.Debug|Any CPU.ActiveCfg = Debug|Any CPU
		{5271643F-0AB5-4F63-874F-97DCB202C614}.Debug|Any CPU.Build.0 = Debug|Any CPU
		{5271643F-0AB5-4F63-874F-97DCB202C614}.Release|Any CPU.ActiveCfg = Release|Any CPU
		{5271643F-0AB5-4F63-874F-97DCB202C614}.Release|Any CPU.Build.0 = Release|Any CPU
		{6068F99E-2849-4025-BB08-9F61CCE0E74B}.Debug|Any CPU.ActiveCfg = Debug|Any CPU
		{6068F99E-2849-4025-BB08-9F61CCE0E74B}.Debug|Any CPU.Build.0 = Debug|Any CPU
		{6068F99E-2849-4025-BB08-9F61CCE0E74B}.Release|Any CPU.ActiveCfg = Release|Any CPU
		{6068F99E-2849-4025-BB08-9F61CCE0E74B}.Release|Any CPU.Build.0 = Release|Any CPU
		{1F682B84-D58A-4A70-ACF6-DD33835B21B7}.Debug|Any CPU.ActiveCfg = Debug|Any CPU
		{1F682B84-D58A-4A70-ACF6-DD33835B21B7}.Debug|Any CPU.Build.0 = Debug|Any CPU
		{1F682B84-D58A-4A70-ACF6-DD33835B21B7}.Release|Any CPU.ActiveCfg = Release|Any CPU
		{1F682B84-D58A-4A70-ACF6-DD33835B21B7}.Release|Any CPU.Build.0 = Release|Any CPU
		{A674FB4B-593F-4569-9A7D-C06DFBABE56D}.Debug|Any CPU.ActiveCfg = Debug|Any CPU
		{A674FB4B-593F-4569-9A7D-C06DFBABE56D}.Debug|Any CPU.Build.0 = Debug|Any CPU
		{A674FB4B-593F-4569-9A7D-C06DFBABE56D}.Release|Any CPU.ActiveCfg = Release|Any CPU
		{A674FB4B-593F-4569-9A7D-C06DFBABE56D}.Release|Any CPU.Build.0 = Release|Any CPU
		{C06FF6CF-2078-41C3-8710-3DD1233EFE48}.Debug|Any CPU.ActiveCfg = Debug|Any CPU
		{C06FF6CF-2078-41C3-8710-3DD1233EFE48}.Debug|Any CPU.Build.0 = Debug|Any CPU
		{C06FF6CF-2078-41C3-8710-3DD1233EFE48}.Release|Any CPU.ActiveCfg = Release|Any CPU
		{C06FF6CF-2078-41C3-8710-3DD1233EFE48}.Release|Any CPU.Build.0 = Release|Any CPU
	EndGlobalSection
	GlobalSection(SolutionProperties) = preSolution
		HideSolutionNode = FALSE
	EndGlobalSection
	GlobalSection(NestedProjects) = preSolution
		{5271643F-0AB5-4F63-874F-97DCB202C614} = {2964544A-AEED-43AF-B1F0-85957AC1BD71}
		{6068F99E-2849-4025-BB08-9F61CCE0E74B} = {9986DDA5-B95A-482F-B84D-8557EB59318E}
		{1F682B84-D58A-4A70-ACF6-DD33835B21B7} = {9986DDA5-B95A-482F-B84D-8557EB59318E}
		{A674FB4B-593F-4569-9A7D-C06DFBABE56D} = {5AE3E0EE-255E-4076-8F34-38B0D475F460}
		{C06FF6CF-2078-41C3-8710-3DD1233EFE48} = {626D7CB7-8135-4DBE-8420-1D2A3EFE6058}
	EndGlobalSection
EndGlobal
